// !$*UTF8*$!
{
	archiveVersion = 1;
	classes = {
	};
	objectVersion = 55;
	objects = {

/* Begin PBXBuildFile section */
		6ACC77C1289A1F5600533A04 /* AppDelegate.swift in Sources */ = {isa = PBXBuildFile; fileRef = 6ACC77C0289A1F5600533A04 /* AppDelegate.swift */; };
		6ACC77C3289A1F5600533A04 /* SceneDelegate.swift in Sources */ = {isa = PBXBuildFile; fileRef = 6ACC77C2289A1F5600533A04 /* SceneDelegate.swift */; };
		6ACC77C5289A1F5600533A04 /* ViewController.swift in Sources */ = {isa = PBXBuildFile; fileRef = 6ACC77C4289A1F5600533A04 /* ViewController.swift */; };
		6ACC77C8289A1F5600533A04 /* Main.storyboard in Resources */ = {isa = PBXBuildFile; fileRef = 6ACC77C6289A1F5600533A04 /* Main.storyboard */; };
		6ACC77CA289A1F5800533A04 /* Assets.xcassets in Resources */ = {isa = PBXBuildFile; fileRef = 6ACC77C9289A1F5800533A04 /* Assets.xcassets */; };
		6ACC77CD289A1F5800533A04 /* LaunchScreen.storyboard in Resources */ = {isa = PBXBuildFile; fileRef = 6ACC77CB289A1F5800533A04 /* LaunchScreen.storyboard */; };
		6ACC77D6289A1F9A00533A04 /* List.swift in Sources */ = {isa = PBXBuildFile; fileRef = 6ACC77D5289A1F9A00533A04 /* List.swift */; };
		6ACC77DA289A271500533A04 /* ViewModelList.swift in Sources */ = {isa = PBXBuildFile; fileRef = 6ACC77D9289A271500533A04 /* ViewModelList.swift */; };
/* End PBXBuildFile section */

/* Begin PBXFileReference section */
		6ACC77BD289A1F5600533A04 /* API-MVVM.app */ = {isa = PBXFileReference; explicitFileType = wrapper.application; includeInIndex = 0; path = "API-MVVM.app"; sourceTree = BUILT_PRODUCTS_DIR; };
		6ACC77C0289A1F5600533A04 /* AppDelegate.swift */ = {isa = PBXFileReference; lastKnownFileType = sourcecode.swift; path = AppDelegate.swift; sourceTree = "<group>"; };
		6ACC77C2289A1F5600533A04 /* SceneDelegate.swift */ = {isa = PBXFileReference; lastKnownFileType = sourcecode.swift; path = SceneDelegate.swift; sourceTree = "<group>"; };
		6ACC77C4289A1F5600533A04 /* ViewController.swift */ = {isa = PBXFileReference; lastKnownFileType = sourcecode.swift; path = ViewController.swift; sourceTree = "<group>"; };
		6ACC77C7289A1F5600533A04 /* Base */ = {isa = PBXFileReference; lastKnownFileType = file.storyboard; name = Base; path = Base.lproj/Main.storyboard; sourceTree = "<group>"; };
		6ACC77C9289A1F5800533A04 /* Assets.xcassets */ = {isa = PBXFileReference; lastKnownFileType = folder.assetcatalog; path = Assets.xcassets; sourceTree = "<group>"; };
		6ACC77CC289A1F5800533A04 /* Base */ = {isa = PBXFileReference; lastKnownFileType = file.storyboard; name = Base; path = Base.lproj/LaunchScreen.storyboard; sourceTree = "<group>"; };
		6ACC77CE289A1F5800533A04 /* Info.plist */ = {isa = PBXFileReference; lastKnownFileType = text.plist.xml; path = Info.plist; sourceTree = "<group>"; };
		6ACC77D5289A1F9A00533A04 /* List.swift */ = {isa = PBXFileReference; lastKnownFileType = sourcecode.swift; path = List.swift; sourceTree = "<group>"; };
		6ACC77D9289A271500533A04 /* ViewModelList.swift */ = {isa = PBXFileReference; lastKnownFileType = sourcecode.swift; path = ViewModelList.swift; sourceTree = "<group>"; };
/* End PBXFileReference section */

/* Begin PBXFrameworksBuildPhase section */
		6ACC77BA289A1F5600533A04 /* Frameworks */ = {
			isa = PBXFrameworksBuildPhase;
			buildActionMask = 2147483647;
			files = (
			);
			runOnlyForDeploymentPostprocessing = 0;
		};
/* End PBXFrameworksBuildPhase section */

/* Begin PBXGroup section */
		6ACC77B4289A1F5600533A04 = {
			isa = PBXGroup;
			children = (
				6ACC77BF289A1F5600533A04 /* API-MVVM */,
				6ACC77BE289A1F5600533A04 /* Products */,
			);
			sourceTree = "<group>";
		};
		6ACC77BE289A1F5600533A04 /* Products */ = {
			isa = PBXGroup;
			children = (
				6ACC77BD289A1F5600533A04 /* API-MVVM.app */,
			);
			name = Products;
			sourceTree = "<group>";
		};
		6ACC77BF289A1F5600533A04 /* API-MVVM */ = {
			isa = PBXGroup;
			children = (
				6ACC77C0289A1F5600533A04 /* AppDelegate.swift */,
				6ACC77C2289A1F5600533A04 /* SceneDelegate.swift */,
				6ACC77D7289A1FA200533A04 /* Model */,
				6ACC77D4289A1F8000533A04 /* View */,
				6ACC77D8289A1FB600533A04 /* ViewModel */,
				6ACC77C6289A1F5600533A04 /* Main.storyboard */,
				6ACC77C9289A1F5800533A04 /* Assets.xcassets */,
				6ACC77CB289A1F5800533A04 /* LaunchScreen.storyboard */,
				6ACC77CE289A1F5800533A04 /* Info.plist */,
			);
			path = "API-MVVM";
			sourceTree = "<group>";
		};
		6ACC77D4289A1F8000533A04 /* View */ = {
			isa = PBXGroup;
			children = (
				6ACC77C4289A1F5600533A04 /* ViewController.swift */,
			);
			path = View;
			sourceTree = "<group>";
		};
		6ACC77D7289A1FA200533A04 /* Model */ = {
			isa = PBXGroup;
			children = (
				6ACC77D5289A1F9A00533A04 /* List.swift */,
			);
			path = Model;
			sourceTree = "<group>";
		};
		6ACC77D8289A1FB600533A04 /* ViewModel */ = {
			isa = PBXGroup;
			children = (
				6ACC77D9289A271500533A04 /* ViewModelList.swift */,
			);
			path = ViewModel;
			sourceTree = "<group>";
		};
/* End PBXGroup section */

/* Begin PBXNativeTarget section */
		6ACC77BC289A1F5600533A04 /* API-MVVM */ = {
			isa = PBXNativeTarget;
			buildConfigurationList = 6ACC77D1289A1F5800533A04 /* Build configuration list for PBXNativeTarget "API-MVVM" */;
			buildPhases = (
				6ACC77B9289A1F5600533A04 /* Sources */,
				6ACC77BA289A1F5600533A04 /* Frameworks */,
				6ACC77BB289A1F5600533A04 /* Resources */,
			);
			buildRules = (
			);
			dependencies = (
			);
			name = "API-MVVM";
			productName = "API-MVVM";
			productReference = 6ACC77BD289A1F5600533A04 /* API-MVVM.app */;
			productType = "com.apple.product-type.application";
		};
/* End PBXNativeTarget section */

/* Begin PBXProject section */
		6ACC77B5289A1F5600533A04 /* Project object */ = {
			isa = PBXProject;
			attributes = {
				BuildIndependentTargetsInParallel = 1;
				LastSwiftUpdateCheck = 1330;
				LastUpgradeCheck = 1330;
				TargetAttributes = {
					6ACC77BC289A1F5600533A04 = {
						CreatedOnToolsVersion = 13.3;
					};
				};
			};
			buildConfigurationList = 6ACC77B8289A1F5600533A04 /* Build configuration list for PBXProject "API-MVVM" */;
			compatibilityVersion = "Xcode 13.0";
			developmentRegion = en;
			hasScannedForEncodings = 0;
			knownRegions = (
				en,
				Base,
			);
			mainGroup = 6ACC77B4289A1F5600533A04;
			productRefGroup = 6ACC77BE289A1F5600533A04 /* Products */;
			projectDirPath = "";
			projectRoot = "";
			targets = (
				6ACC77BC289A1F5600533A04 /* API-MVVM */,
			);
		};
/* End PBXProject section */

/* Begin PBXResourcesBuildPhase section */
		6ACC77BB289A1F5600533A04 /* Resources */ = {
			isa = PBXResourcesBuildPhase;
			buildActionMask = 2147483647;
			files = (
				6ACC77CD289A1F5800533A04 /* LaunchScreen.storyboard in Resources */,
				6ACC77CA289A1F5800533A04 /* Assets.xcassets in Resources */,
				6ACC77C8289A1F5600533A04 /* Main.storyboard in Resources */,
			);
			runOnlyForDeploymentPostprocessing = 0;
		};
/* End PBXResourcesBuildPhase section */

/* Begin PBXSourcesBuildPhase section */
		6ACC77B9289A1F5600533A04 /* Sources */ = {
			isa = PBXSourcesBuildPhase;
			buildActionMask = 2147483647;
			files = (
				6ACC77C5289A1F5600533A04 /* ViewController.swift in Sources */,
				6ACC77DA289A271500533A04 /* ViewModelList.swift in Sources */,
				6ACC77C1289A1F5600533A04 /* AppDelegate.swift in Sources */,
				6ACC77C3289A1F5600533A04 /* SceneDelegate.swift in Sources */,
				6ACC77D6289A1F9A00533A04 /* List.swift in Sources */,
			);
			runOnlyForDeploymentPostprocessing = 0;
		};
/* End PBXSourcesBuildPhase section */

/* Begin PBXVariantGroup section */
		6ACC77C6289A1F5600533A04 /* Main.storyboard */ = {
			isa = PBXVariantGroup;
			children = (
				6ACC77C7289A1F5600533A04 /* Base */,
			);
			name = Main.storyboard;
			sourceTree = "<group>";
		};
		6ACC77CB289A1F5800533A04 /* LaunchScreen.storyboard */ = {
			isa = PBXVariantGroup;
			children = (
				6ACC77CC289A1F5800533A04 /* Base */,
			);
			name = LaunchScreen.storyboard;
			sourceTree = "<group>";
		};
/* End PBXVariantGroup section */

/* Begin XCBuildConfiguration section */
		6ACC77CF289A1F5800533A04 /* Debug */ = {
			isa = XCBuildConfiguration;
			buildSettings = {
				ALWAYS_SEARCH_USER_PATHS = NO;
				CLANG_ANALYZER_NONNULL = YES;
				CLANG_ANALYZER_NUMBER_OBJECT_CONVERSION = YES_AGGRESSIVE;
				CLANG_CXX_LANGUAGE_STANDARD = "gnu++17";
				CLANG_ENABLE_MODULES = YES;
				CLANG_ENABLE_OBJC_ARC = YES;
				CLANG_ENABLE_OBJC_WEAK = YES;
				CLANG_WARN_BLOCK_CAPTURE_AUTORELEASING = YES;
				CLANG_WARN_BOOL_CONVERSION = YES;
				CLANG_WARN_COMMA = YES;
				CLANG_WARN_CONSTANT_CONVERSION = YES;
				CLANG_WARN_DEPRECATED_OBJC_IMPLEMENTATIONS = YES;
				CLANG_WARN_DIRECT_OBJC_ISA_USAGE = YES_ERROR;
				CLANG_WARN_DOCUMENTATION_COMMENTS = YES;
				CLANG_WARN_EMPTY_BODY = YES;
				CLANG_WARN_ENUM_CONVERSION = YES;
				CLANG_WARN_INFINITE_RECURSION = YES;
				CLANG_WARN_INT_CONVERSION = YES;
				CLANG_WARN_NON_LITERAL_NULL_CONVERSION = YES;
				CLANG_WARN_OBJC_IMPLICIT_RETAIN_SELF = YES;
				CLANG_WARN_OBJC_LITERAL_CONVERSION = YES;
				CLANG_WARN_OBJC_ROOT_CLASS = YES_ERROR;
				CLANG_WARN_QUOTED_INCLUDE_IN_FRAMEWORK_HEADER = YES;
				CLANG_WARN_RANGE_LOOP_ANALYSIS = YES;
				CLANG_WARN_STRICT_PROTOTYPES = YES;
				CLANG_WARN_SUSPICIOUS_MOVE = YES;
				CLANG_WARN_UNGUARDED_AVAILABILITY = YES_AGGRESSIVE;
				CLANG_WARN_UNREACHABLE_CODE = YES;
				CLANG_WARN__DUPLICATE_METHOD_MATCH = YES;
				COPY_PHASE_STRIP = NO;
				DEBUG_INFORMATION_FORMAT = dwarf;
				ENABLE_STRICT_OBJC_MSGSEND = YES;
				ENABLE_TESTABILITY = YES;
				GCC_C_LANGUAGE_STANDARD = gnu11;
				GCC_DYNAMIC_NO_PIC = NO;
				GCC_NO_COMMON_BLOCKS = YES;
				GCC_OPTIMIZATION_LEVEL = 0;
				GCC_PREPROCESSOR_DEFINITIONS = (
					"DEBUG=1",
					"$(inherited)",
				);
				GCC_WARN_64_TO_32_BIT_CONVERSION = YES;
				GCC_WARN_ABOUT_RETURN_TYPE = YES_ERROR;
				GCC_WARN_UNDECLARED_SELECTOR = YES;
				GCC_WARN_UNINITIALIZED_AUTOS = YES_AGGRESSIVE;
				GCC_WARN_UNUSED_FUNCTION = YES;
				GCC_WARN_UNUSED_VARIABLE = YES;
				IPHONEOS_DEPLOYMENT_TARGET = 15.4;
				MTL_ENABLE_DEBUG_INFO = INCLUDE_SOURCE;
				MTL_FAST_MATH = YES;
				ONLY_ACTIVE_ARCH = YES;
				SDKROOT = iphoneos;
				SWIFT_ACTIVE_COMPILATION_CONDITIONS = DEBUG;
				SWIFT_OPTIMIZATION_LEVEL = "-Onone";
			};
			name = Debug;
		};
		6ACC77D0289A1F5800533A04 /* Release */ = {
			isa = XCBuildConfiguration;
			buildSettings = {
				ALWAYS_SEARCH_USER_PATHS = NO;
				CLANG_ANALYZER_NONNULL = YES;
				CLANG_ANALYZER_NUMBER_OBJECT_CONVERSION = YES_AGGRESSIVE;
				CLANG_CXX_LANGUAGE_STANDARD = "gnu++17";
				CLANG_ENABLE_MODULES = YES;
				CLANG_ENABLE_OBJC_ARC = YES;
				CLANG_ENABLE_OBJC_WEAK = YES;
				CLANG_WARN_BLOCK_CAPTURE_AUTORELEASING = YES;
				CLANG_WARN_BOOL_CONVERSION = YES;
				CLANG_WARN_COMMA = YES;
				CLANG_WARN_CONSTANT_CONVERSION = YES;
				CLANG_WARN_DEPRECATED_OBJC_IMPLEMENTATIONS = YES;
				CLANG_WARN_DIRECT_OBJC_ISA_USAGE = YES_ERROR;
				CLANG_WARN_DOCUMENTATION_COMMENTS = YES;
				CLANG_WARN_EMPTY_BODY = YES;
				CLANG_WARN_ENUM_CONVERSION = YES;
				CLANG_WARN_INFINITE_RECURSION = YES;
				CLANG_WARN_INT_CONVERSION = YES;
				CLANG_WARN_NON_LITERAL_NULL_CONVERSION = YES;
				CLANG_WARN_OBJC_IMPLICIT_RETAIN_SELF = YES;
				CLANG_WARN_OBJC_LITERAL_CONVERSION = YES;
				CLANG_WARN_OBJC_ROOT_CLASS = YES_ERROR;
				CLANG_WARN_QUOTED_INCLUDE_IN_FRAMEWORK_HEADER = YES;
				CLANG_WARN_RANGE_LOOP_ANALYSIS = YES;
				CLANG_WARN_STRICT_PROTOTYPES = YES;
				CLANG_WARN_SUSPICIOUS_MOVE = YES;
				CLANG_WARN_UNGUARDED_AVAILABILITY = YES_AGGRESSIVE;
				CLANG_WARN_UNREACHABLE_CODE = YES;
				CLANG_WARN__DUPLICATE_METHOD_MATCH = YES;
				COPY_PHASE_STRIP = NO;
				DEBUG_INFORMATION_FORMAT = "dwarf-with-dsym";
				ENABLE_NS_ASSERTIONS = NO;
				ENABLE_STRICT_OBJC_MSGSEND = YES;
				GCC_C_LANGUAGE_STANDARD = gnu11;
				GCC_NO_COMMON_BLOCKS = YES;
				GCC_WARN_64_TO_32_BIT_CONVERSION = YES;
				GCC_WARN_ABOUT_RETURN_TYPE = YES_ERROR;
				GCC_WARN_UNDECLARED_SELECTOR = YES;
				GCC_WARN_UNINITIALIZED_AUTOS = YES_AGGRESSIVE;
				GCC_WARN_UNUSED_FUNCTION = YES;
				GCC_WARN_UNUSED_VARIABLE = YES;
				IPHONEOS_DEPLOYMENT_TARGET = 15.4;
				MTL_ENABLE_DEBUG_INFO = NO;
				MTL_FAST_MATH = YES;
				SDKROOT = iphoneos;
				SWIFT_COMPILATION_MODE = wholemodule;
				SWIFT_OPTIMIZATION_LEVEL = "-O";
				VALIDATE_PRODUCT = YES;
			};
			name = Release;
		};
		6ACC77D2289A1F5800533A04 /* Debug */ = {
			isa = XCBuildConfiguration;
			buildSettings = {
				ASSETCATALOG_COMPILER_APPICON_NAME = AppIcon;
				ASSETCATALOG_COMPILER_GLOBAL_ACCENT_COLOR_NAME = AccentColor;
				CODE_SIGN_STYLE = Automatic;
				CURRENT_PROJECT_VERSION = 1;
				DEVELOPMENT_TEAM = 7M2244JY3M;
				GENERATE_INFOPLIST_FILE = YES;
				INFOPLIST_FILE = "API-MVVM/Info.plist";
				INFOPLIST_KEY_UIApplicationSupportsIndirectInputEvents = YES;
				INFOPLIST_KEY_UILaunchStoryboardName = LaunchScreen;
				INFOPLIST_KEY_UIMainStoryboardFile = Main;
				INFOPLIST_KEY_UISupportedInterfaceOrientations_iPad = "UIInterfaceOrientationPortrait UIInterfaceOrientationPortraitUpsideDown UIInterfaceOrientationLandscapeLeft UIInterfaceOrientationLandscapeRight";
				INFOPLIST_KEY_UISupportedInterfaceOrientations_iPhone = "UIInterfaceOrientationPortrait UIInterfaceOrientationLandscapeLeft UIInterfaceOrientationLandscapeRight";
				LD_RUNPATH_SEARCH_PATHS = (
					"$(inherited)",
					"@executable_path/Frameworks",
				);
				MARKETING_VERSION = 1.0;
				PRODUCT_BUNDLE_IDENTIFIER = "com.orcabe.API-MVVM";
				PRODUCT_NAME = "$(TARGET_NAME)";
				SWIFT_EMIT_LOC_STRINGS = YES;
				SWIFT_VERSION = 5.0;
				TARGETED_DEVICE_FAMILY = "1,2";
			};
			name = Debug;
		};
		6ACC77D3289A1F5800533A04 /* Release */ = {
			isa = XCBuildConfiguration;
			buildSettings = {
				ASSETCATALOG_COMPILER_APPICON_NAME = AppIcon;
				ASSETCATALOG_COMPILER_GLOBAL_ACCENT_COLOR_NAME = AccentColor;
				CODE_SIGN_STYLE = Automatic;
				CURRENT_PROJECT_VERSION = 1;
				DEVELOPMENT_TEAM = 7M2244JY3M;
				GENERATE_INFOPLIST_FILE = YES;
				INFOPLIST_FILE = "API-MVVM/Info.plist";
				INFOPLIST_KEY_UIApplicationSupportsIndirectInputEvents = YES;
				INFOPLIST_KEY_UILaunchStoryboardName = LaunchScreen;
				INFOPLIST_KEY_UIMainStoryboardFile = Main;
				INFOPLIST_KEY_UISupportedInterfaceOrientations_iPad = "UIInterfaceOrientationPortrait UIInterfaceOrientationPortraitUpsideDown UIInterfaceOrientationLandscapeLeft UIInterfaceOrientationLandscapeRight";
				INFOPLIST_KEY_UISupportedInterfaceOrientations_iPhone = "UIInterfaceOrientationPortrait UIInterfaceOrientationLandscapeLeft UIInterfaceOrientationLandscapeRight";
				LD_RUNPATH_SEARCH_PATHS = (
					"$(inherited)",
					"@executable_path/Frameworks",
				);
				MARKETING_VERSION = 1.0;
				PRODUCT_BUNDLE_IDENTIFIER = "com.orcabe.API-MVVM";
				PRODUCT_NAME = "$(TARGET_NAME)";
				SWIFT_EMIT_LOC_STRINGS = YES;
				SWIFT_VERSION = 5.0;
				TARGETED_DEVICE_FAMILY = "1,2";
			};
			name = Release;
		};
/* End XCBuildConfiguration section */

/* Begin XCConfigurationList section */
		6ACC77B8289A1F5600533A04 /* Build configuration list for PBXProject "API-MVVM" */ = {
			isa = XCConfigurationList;
			buildConfigurations = (
				6ACC77CF289A1F5800533A04 /* Debug */,
				6ACC77D0289A1F5800533A04 /* Release */,
			);
			defaultConfigurationIsVisible = 0;
			defaultConfigurationName = Release;
		};
		6ACC77D1289A1F5800533A04 /* Build configuration list for PBXNativeTarget "API-MVVM" */ = {
			isa = XCConfigurationList;
			buildConfigurations = (
				6ACC77D2289A1F5800533A04 /* Debug */,
				6ACC77D3289A1F5800533A04 /* Release */,
			);
			defaultConfigurationIsVisible = 0;
			defaultConfigurationName = Release;
		};
/* End XCConfigurationList section */
	};
	rootObject = 6ACC77B5289A1F5600533A04 /* Project object */;
}
